
Microsoft Visual Studio Solution File, Format Version 12.00
# Visual Studio Version 17
VisualStudioVersion = 17.3.32811.315
MinimumVisualStudioVersion = 10.0.40219.1
Project("{FAE04EC0-301F-11D3-BF4B-00C04F79EFBC}") = "Uppgift 2.7", "Uppgift 2.7\Uppgift 2.7.csproj", "{5BDA12EC-E404-4D4D-B36A-ADC9D553B616}"
EndProject
Global
	GlobalSection(SolutionConfigurationPlatforms) = preSolution
		Debug|Any CPU = Debug|Any CPU
		Release|Any CPU = Release|Any CPU
	EndGlobalSection
	GlobalSection(ProjectConfigurationPlatforms) = postSolution
		{5BDA12EC-E404-4D4D-B36A-ADC9D553B616}.Debug|Any CPU.ActiveCfg = Debug|Any CPU
		{5BDA12EC-E404-4D4D-B36A-ADC9D553B616}.Debug|Any CPU.Build.0 = Debug|Any CPU
		{5BDA12EC-E404-4D4D-B36A-ADC9D553B616}.Release|Any CPU.ActiveCfg = Release|Any CPU
		{5BDA12EC-E404-4D4D-B36A-ADC9D553B616}.Release|Any CPU.Build.0 = Release|Any CPU
	EndGlobalSection
	GlobalSection(SolutionProperties) = preSolution
		HideSolutionNode = FALSE
	EndGlobalSection
	GlobalSection(ExtensibilityGlobals) = postSolution
		SolutionGuid = {013274DA-52C0-49A8-B014-C797C9CEFD12}
	EndGlobalSection
EndGlobal
